{
  "version": 4,
  "terraform_version": "1.2.6",
  "serial": 54,
  "lineage": "9e76fa24-bcac-2b7d-29b2-3a3a043b50c2",
  "outputs": {},
  "resources": [
    {
      "mode": "managed",
      "type": "google_compute_network",
      "name": "vpc_network",
      "provider": "provider[\"registry.terraform.io/hashicorp/google\"]",
      "instances": [
        {
          "schema_version": 0,
          "attributes": {
            "auto_create_subnetworks": false,
            "delete_default_routes_on_create": false,
            "description": "",
            "enable_ula_internal_ipv6": false,
            "gateway_ipv4": "",
            "id": "projects/calcium-channel-411404/global/networks/tf-network",
            "internal_ipv6_range": "",
            "mtu": 0,
            "name": "tf-network",
            "network_firewall_policy_enforcement_order": "AFTER_CLASSIC_FIREWALL",
            "numeric_id": "3844519779197773058",
            "project": "calcium-channel-411404",
            "routing_mode": "REGIONAL",
            "self_link": "https://www.googleapis.com/compute/v1/projects/calcium-channel-411404/global/networks/tf-network",
            "timeouts": null
          },
          "sensitive_attributes": [],
          "private": "eyJlMmJmYjczMC1lY2FhLTExZTYtOGY4OC0zNDM2M2JjN2M0YzAiOnsiY3JlYXRlIjoxMjAwMDAwMDAwMDAwLCJkZWxldGUiOjEyMDAwMDAwMDAwMDAsInVwZGF0ZSI6MTIwMDAwMDAwMDAwMH19"
        }
      ]
    },
    {
      "mode": "managed",
      "type": "google_compute_subnetwork",
      "name": "subnet",
      "provider": "provider[\"registry.terraform.io/hashicorp/google\"]",
      "instances": [
        {
          "schema_version": 0,
          "attributes": {
            "creation_timestamp": "2024-01-16T04:06:54.307-08:00",
            "description": "",
            "external_ipv6_prefix": "",
            "fingerprint": null,
            "gateway_address": "10.0.0.1",
            "id": "projects/calcium-channel-411404/regions/asia-south1/subnetworks/tf-subnet",
            "internal_ipv6_prefix": "",
            "ip_cidr_range": "10.0.0.0/24",
            "ipv6_access_type": "",
            "ipv6_cidr_range": "",
            "log_config": [],
            "name": "tf-subnet",
            "network": "https://www.googleapis.com/compute/v1/projects/calcium-channel-411404/global/networks/tf-network",
            "private_ip_google_access": true,
            "private_ipv6_google_access": "DISABLE_GOOGLE_ACCESS",
            "project": "calcium-channel-411404",
            "purpose": "PRIVATE",
            "region": "asia-south1",
            "role": "",
            "secondary_ip_range": [
              {
                "ip_cidr_range": "10.11.0.0/20",
                "range_name": "gke-tf-gke-cluster-pods-b7b7013b"
              },
              {
                "ip_cidr_range": "10.12.0.0/20",
                "range_name": "gke-tf-gke-cluster-services-b7b7013b"
              }
            ],
            "self_link": "https://www.googleapis.com/compute/v1/projects/calcium-channel-411404/regions/asia-south1/subnetworks/tf-subnet",
            "stack_type": "IPV4_ONLY",
            "timeouts": null
          },
          "sensitive_attributes": [],
          "private": "eyJlMmJmYjczMC1lY2FhLTExZTYtOGY4OC0zNDM2M2JjN2M0YzAiOnsiY3JlYXRlIjoxMjAwMDAwMDAwMDAwLCJkZWxldGUiOjEyMDAwMDAwMDAwMDAsInVwZGF0ZSI6MTIwMDAwMDAwMDAwMH19",
          "dependencies": [
            "google_compute_network.vpc_network"
          ]
        }
      ]
    },
    {
      "mode": "managed",
      "type": "google_container_cluster",
      "name": "gke_cluster",
      "provider": "provider[\"registry.terraform.io/hashicorp/google\"]",
      "instances": [
        {
          "schema_version": 2,
          "attributes": {
            "addons_config": [
              {
                "cloudrun_config": [],
                "config_connector_config": [],
                "dns_cache_config": [],
                "gce_persistent_disk_csi_driver_config": [
                  {
                    "enabled": true
                  }
                ],
                "gcp_filestore_csi_driver_config": [],
                "gcs_fuse_csi_driver_config": [],
                "gke_backup_agent_config": [],
                "horizontal_pod_autoscaling": [],
                "http_load_balancing": [],
                "network_policy_config": [
                  {
                    "disabled": true
                  }
                ]
              }
            ],
            "allow_net_admin": null,
            "authenticator_groups_config": [],
            "binary_authorization": [
              {
                "enabled": false,
                "evaluation_mode": ""
              }
            ],
            "cluster_autoscaling": [
              {
                "auto_provisioning_defaults": [],
                "autoscaling_profile": "BALANCED",
                "enabled": false,
                "resource_limits": []
              }
            ],
            "cluster_ipv4_cidr": "10.11.0.0/20",
            "confidential_nodes": [],
            "cost_management_config": [],
            "database_encryption": [
              {
                "key_name": "",
                "state": "DECRYPTED"
              }
            ],
            "datapath_provider": "",
            "default_max_pods_per_node": 110,
            "default_snat_status": [
              {
                "disabled": false
              }
            ],
            "deletion_protection": false,
            "description": "",
            "dns_config": [],
            "enable_autopilot": false,
            "enable_intranode_visibility": false,
            "enable_k8s_beta_apis": [],
            "enable_kubernetes_alpha": false,
            "enable_l4_ilb_subsetting": false,
            "enable_legacy_abac": false,
            "enable_shielded_nodes": true,
            "enable_tpu": false,
            "endpoint": "35.200.149.214",
            "fleet": [],
            "gateway_api_config": [],
            "id": "projects/calcium-channel-411404/locations/asia-south1-a/clusters/tf-gke-cluster",
            "identity_service_config": [],
            "initial_node_count": 1,
            "ip_allocation_policy": [
              {
                "additional_pod_ranges_config": [],
                "cluster_ipv4_cidr_block": "10.11.0.0/20",
                "cluster_secondary_range_name": "gke-tf-gke-cluster-pods-b7b7013b",
                "pod_cidr_overprovision_config": [
                  {
                    "disabled": false
                  }
                ],
                "services_ipv4_cidr_block": "10.12.0.0/20",
                "services_secondary_range_name": "gke-tf-gke-cluster-services-b7b7013b",
                "stack_type": "IPV4"
              }
            ],
            "label_fingerprint": "a9dc16a7",
            "location": "asia-south1-a",
            "logging_config": [
              {
                "enable_components": [
                  "SYSTEM_COMPONENTS",
                  "WORKLOADS"
                ]
              }
            ],
            "logging_service": "logging.googleapis.com/kubernetes",
            "maintenance_policy": [],
            "master_auth": [
              {
                "client_certificate": "",
                "client_certificate_config": [
                  {
                    "issue_client_certificate": false
                  }
                ],
                "client_key": "",
                "cluster_ca_certificate": "LS0tLS1CRUdJTiBDRVJUSUZJQ0FURS0tLS0tCk1JSUVMRENDQXBTZ0F3SUJBZ0lRVnkzL3ZJL3JHcVZ6Zk9EdHZWZGZJakFOQmdrcWhraUc5dzBCQVFzRkFEQXYKTVMwd0t3WURWUVFERXlRNU1tUmpOVEV3TXkwMVlqRTNMVFJsTXpFdFlXWTJaUzAzTmpKaVpURTJZV00xT0RJdwpJQmNOTWpRd01URTJNVEV6TWpReFdoZ1BNakExTkRBeE1EZ3hNak15TkRGYU1DOHhMVEFyQmdOVkJBTVRKRGt5ClpHTTFNVEF6TFRWaU1UY3ROR1V6TVMxaFpqWmxMVGMyTW1KbE1UWmhZelU0TWpDQ0FhSXdEUVlKS29aSWh2Y04KQVFFQkJRQURnZ0dQQURDQ0FZb0NnZ0dCQUxsa3F2cm4vMTlBa3RKUm5ON0s5OW5nS3ZuOGZ0QURnTDUyRTZMSAorWW53a3R4bDluTkRlSVE5SkZrZ0dzQnpjQmprUXJUZkxzVDh0dXV3bk5ZbWViak1ueFIyUDBDUW1rMXp6OVhYCjhzYUFpc0dsZFI2TEovVUN1OFZnb2ZTN1JaajhoeVNoUFZrdHJad1dPOFJaT2JZUFhEQWFIYUpGRGtxN0UyL0EKY1lJbXI3MisrUW5lWE1lRzh4SFdPSUVxR1pLNDB6Q21IYzQ2Nk5oYnVnSE0rTkFhaFFrNDN4U1k3ZUpxa3BmNgpnWmZnRC83NUhQR25qMXJLOUhnRXBUaDQzRkVRZ3kxeUVFYmZOQ0VmMGZ5ekZVTU5wWFczaGxwbVFSRFo0cHhLCnN4SFdyUnJzS0RIWmFjN25vTUl4TFpCOWRMdjM3aWlHdkF6R1J2eWNQdkdWMnM4V0Z2d29RYXNSbVBmTnovTzMKZjJJWVRkVi9SOERBVHJyY1NtMzZidlh2RlM2Y3BBdnA1NmRBa3QrYjhwQU9yZG5PM3Z1cU9tUjBqbzFSZEdQdgpkNStvSUJ0TmFhQnBaV1V4aUlnbkUra3FLUWQwYmxoYlN6U1lhdmxNMWxFZk5xR1hJZlNTdHE4MVBUZGRQQkx4CmFIWXFlZ2tiS3R0TUhuVUZZaGUzWStaRXBRSURBUUFCbzBJd1FEQU9CZ05WSFE4QkFmOEVCQU1DQWdRd0R3WUQKVlIwVEFRSC9CQVV3QXdFQi96QWRCZ05WSFE0RUZnUVVvWnVhUkZCeUU0R25Cc05vaWdESUNnQTY0cDh3RFFZSgpLb1pJaHZjTkFRRUxCUUFEZ2dHQkFJWGgybTUvVkx2dlpnTGRTL0F1QVhzdVpWbHBncWkvZVdKVEtKSHRvTFd3CnVyaHZFQTNOemdERGlWNnJHZFdId0d4aUg0MDdZTFdjOCtkYm1vU1EybDRWak9ibjFUenBBZXhMYzJjRzVwaHMKeW5LV2NrRkVKRWVWY1Z3eVBoM3RxZ2NGbTdsZWdiN0w2cnM5TzBuTlZuWXB5VGNhaXRWN2J6TjBKaHM4VVo1bgpyb0FNRkxSQjhwQ0NZZWdJMDZoYzI4LzV5WGhBQWtoNFJnNWlxTllaa2R4QVBSSFE4RDYxYW5jQWFBc2EvZld2CkYyV0hwV3l5UklabWlZOGJOWDgvNWs4akdrSzhnTmNHVkhJLzBrU1hDTTBQSUZzQVp5THFZZHNWR3JBaitITVkKcU12MytzUnFic0VwaVZISHM5aHZ0UDBoMGZZcjBISVQzM2hSaWpLb1ZxOXY3SmxheldRQzI0VkMvVDRiVVU4eQpSZzZNUEVqY0ZNQzlWSmYwVGlCMXBCZ3BEUkN4OGRXUGVZWndRSXVSai8wVFN1SFU5bVhoR3BsTER0RVVZZHFqCldRYVdMQUIrVHEzSHhUU0FQbjIyMUhLNDVwZXRvd1ZvZnlyc1hwWkpVYWJDdG56aEZTbTVyaDdLdlVhOGtMUncKVVpqMFZId2RlN0FVcHp0bGo1akxEZz09Ci0tLS0tRU5EIENFUlRJRklDQVRFLS0tLS0K"
              }
            ],
            "master_authorized_networks_config": [
              {
                "cidr_blocks": [
                  {
                    "cidr_block": "122.171.17.129/32",
                    "display_name": "shreya"
                  }
                ],
                "gcp_public_cidrs_access_enabled": false
              }
            ],
            "master_version": "1.27.3-gke.100",
            "mesh_certificates": [],
            "min_master_version": null,
            "monitoring_config": [
              {
                "advanced_datapath_observability_config": [
                  {
                    "enable_metrics": false,
                    "relay_mode": ""
                  }
                ],
                "enable_components": [
                  "SYSTEM_COMPONENTS"
                ],
                "managed_prometheus": [
                  {
                    "enabled": true
                  }
                ]
              }
            ],
            "monitoring_service": "monitoring.googleapis.com/kubernetes",
            "name": "tf-gke-cluster",
            "network": "projects/calcium-channel-411404/global/networks/tf-network",
            "network_policy": [
              {
                "enabled": false,
                "provider": "PROVIDER_UNSPECIFIED"
              }
            ],
            "networking_mode": "VPC_NATIVE",
            "node_config": [
              {
                "advanced_machine_features": [],
                "boot_disk_kms_key": "",
                "confidential_nodes": [],
                "disk_size_gb": 100,
                "disk_type": "pd-balanced",
                "effective_taints": [],
                "ephemeral_storage_local_ssd_config": [],
                "fast_socket": [],
                "gcfs_config": [],
                "guest_accelerator": [],
                "gvnic": [],
                "host_maintenance_policy": [],
                "image_type": "COS_CONTAINERD",
                "kubelet_config": [],
                "labels": {},
                "linux_node_config": [],
                "local_nvme_ssd_block_config": [],
                "local_ssd_count": 0,
                "logging_variant": "DEFAULT",
                "machine_type": "e2-medium",
                "metadata": {
                  "disable-legacy-endpoints": "true"
                },
                "min_cpu_platform": "",
                "node_group": "",
                "oauth_scopes": [
                  "https://www.googleapis.com/auth/cloud-platform",
                  "https://www.googleapis.com/auth/logging.write",
                  "https://www.googleapis.com/auth/monitoring"
                ],
                "preemptible": true,
                "reservation_affinity": [],
                "resource_labels": {},
                "service_account": "default",
                "shielded_instance_config": [
                  {
                    "enable_integrity_monitoring": true,
                    "enable_secure_boot": false
                  }
                ],
                "sole_tenant_config": [],
                "spot": false,
                "tags": [],
                "taint": [],
                "workload_metadata_config": []
              }
            ],
            "node_locations": [],
            "node_pool": [
              {
                "autoscaling": [],
                "initial_node_count": 1,
                "instance_group_urls": [
                  "https://www.googleapis.com/compute/v1/projects/calcium-channel-411404/zones/asia-south1-a/instanceGroupManagers/gke-tf-gke-cluster-tf-gke-nodepool-d5087d7f-grp"
                ],
                "managed_instance_group_urls": [
                  "https://www.googleapis.com/compute/v1/projects/calcium-channel-411404/zones/asia-south1-a/instanceGroups/gke-tf-gke-cluster-tf-gke-nodepool-d5087d7f-grp"
                ],
                "management": [
                  {
                    "auto_repair": true,
                    "auto_upgrade": true
                  }
                ],
                "max_pods_per_node": 110,
                "name": "tf-gke-nodepool",
                "name_prefix": "",
                "network_config": [
                  {
                    "create_pod_range": false,
                    "enable_private_nodes": false,
                    "network_performance_config": [],
                    "pod_cidr_overprovision_config": [],
                    "pod_ipv4_cidr_block": "10.11.0.0/20",
                    "pod_range": "gke-tf-gke-cluster-pods-b7b7013b"
                  }
                ],
                "node_config": [
                  {
                    "advanced_machine_features": [],
                    "boot_disk_kms_key": "",
                    "confidential_nodes": [],
                    "disk_size_gb": 100,
                    "disk_type": "pd-balanced",
                    "effective_taints": [],
                    "ephemeral_storage_local_ssd_config": [],
                    "fast_socket": [],
                    "gcfs_config": [],
                    "guest_accelerator": [],
                    "gvnic": [],
                    "host_maintenance_policy": [],
                    "image_type": "COS_CONTAINERD",
                    "kubelet_config": [],
                    "labels": {},
                    "linux_node_config": [],
                    "local_nvme_ssd_block_config": [],
                    "local_ssd_count": 0,
                    "logging_variant": "DEFAULT",
                    "machine_type": "e2-medium",
                    "metadata": {
                      "disable-legacy-endpoints": "true"
                    },
                    "min_cpu_platform": "",
                    "node_group": "",
                    "oauth_scopes": [
                      "https://www.googleapis.com/auth/cloud-platform",
                      "https://www.googleapis.com/auth/logging.write",
                      "https://www.googleapis.com/auth/monitoring"
                    ],
                    "preemptible": true,
                    "reservation_affinity": [],
                    "resource_labels": {},
                    "service_account": "default",
                    "shielded_instance_config": [
                      {
                        "enable_integrity_monitoring": true,
                        "enable_secure_boot": false
                      }
                    ],
                    "sole_tenant_config": [],
                    "spot": false,
                    "tags": [],
                    "taint": [],
                    "workload_metadata_config": []
                  }
                ],
                "node_count": 1,
                "node_locations": [
                  "asia-south1-a"
                ],
                "placement_policy": [],
                "upgrade_settings": [
                  {
                    "blue_green_settings": [],
                    "max_surge": 1,
                    "max_unavailable": 0,
                    "strategy": "SURGE"
                  }
                ],
                "version": "1.27.3-gke.100"
              }
            ],
            "node_pool_auto_config": [],
            "node_pool_defaults": [
              {
                "node_config_defaults": [
                  {
                    "logging_variant": "DEFAULT"
                  }
                ]
              }
            ],
            "node_version": "1.27.3-gke.100",
            "notification_config": [
              {
                "pubsub": [
                  {
                    "enabled": false,
                    "filter": [],
                    "topic": ""
                  }
                ]
              }
            ],
            "operation": null,
            "private_cluster_config": [
              {
                "enable_private_endpoint": false,
                "enable_private_nodes": true,
                "master_global_access_config": [
                  {
                    "enabled": false
                  }
                ],
                "master_ipv4_cidr_block": "10.13.0.0/28",
                "peering_name": "gke-n56989b32edc71a01361-5444-8972-peer",
                "private_endpoint": "10.13.0.2",
                "private_endpoint_subnetwork": "",
                "public_endpoint": "35.200.149.214"
              }
            ],
            "private_ipv6_google_access": "",
            "project": "calcium-channel-411404",
            "release_channel": [
              {
                "channel": "REGULAR"
              }
            ],
            "remove_default_node_pool": true,
            "resource_labels": {},
            "resource_usage_export_config": [],
            "security_posture_config": [
              {
                "mode": "BASIC",
                "vulnerability_mode": "VULNERABILITY_MODE_UNSPECIFIED"
              }
            ],
            "self_link": "https://container.googleapis.com/v1/projects/calcium-channel-411404/zones/asia-south1-a/clusters/tf-gke-cluster",
            "service_external_ips_config": [
              {
                "enabled": false
              }
            ],
            "services_ipv4_cidr": "10.12.0.0/20",
            "subnetwork": "projects/calcium-channel-411404/regions/asia-south1/subnetworks/tf-subnet",
            "timeouts": null,
            "tpu_ipv4_cidr_block": "",
            "vertical_pod_autoscaling": [],
            "workload_identity_config": []
          },
          "sensitive_attributes": [],
          "private": "eyJlMmJmYjczMC1lY2FhLTExZTYtOGY4OC0zNDM2M2JjN2M0YzAiOnsiY3JlYXRlIjoyNDAwMDAwMDAwMDAwLCJkZWxldGUiOjI0MDAwMDAwMDAwMDAsInJlYWQiOjI0MDAwMDAwMDAwMDAsInVwZGF0ZSI6MzYwMDAwMDAwMDAwMH0sInNjaGVtYV92ZXJzaW9uIjoiMiJ9",
          "dependencies": [
            "google_compute_network.vpc_network",
            "google_compute_subnetwork.subnet"
          ]
        }
      ]
    }
  ]
}
